
Microsoft Visual Studio Solution File, Format Version 12.00
# Visual Studio Version 17
VisualStudioVersion = 17.6.33829.357
MinimumVisualStudioVersion = 10.0.40219.1
Project("{FAE04EC0-301F-11D3-BF4B-00C04F79EFBC}") = "InqueryInsurance", "InqueryInsurance\InqueryInsurance.csproj", "{E10BF9E6-1E7E-4D18-9679-F19356C5A53C}"
EndProject
Project("{FAE04EC0-301F-11D3-BF4B-00C04F79EFBC}") = "Core", "Core\Core.csproj", "{BE62641A-C562-4DFC-A929-DE67E08E6559}"
EndProject
Global
	GlobalSection(SolutionConfigurationPlatforms) = preSolution
		Debug|Any CPU = Debug|Any CPU
		Release|Any CPU = Release|Any CPU
	EndGlobalSection
	GlobalSection(ProjectConfigurationPlatforms) = postSolution
		{E10BF9E6-1E7E-4D18-9679-F19356C5A53C}.Debug|Any CPU.ActiveCfg = Debug|Any CPU
		{E10BF9E6-1E7E-4D18-9679-F19356C5A53C}.Debug|Any CPU.Build.0 = Debug|Any CPU
		{E10BF9E6-1E7E-4D18-9679-F19356C5A53C}.Release|Any CPU.ActiveCfg = Release|Any CPU
		{E10BF9E6-1E7E-4D18-9679-F19356C5A53C}.Release|Any CPU.Build.0 = Release|Any CPU
		{BE62641A-C562-4DFC-A929-DE67E08E6559}.Debug|Any CPU.ActiveCfg = Debug|Any CPU
		{BE62641A-C562-4DFC-A929-DE67E08E6559}.Debug|Any CPU.Build.0 = Debug|Any CPU
		{BE62641A-C562-4DFC-A929-DE67E08E6559}.Release|Any CPU.ActiveCfg = Release|Any CPU
		{BE62641A-C562-4DFC-A929-DE67E08E6559}.Release|Any CPU.Build.0 = Release|Any CPU
	EndGlobalSection
	GlobalSection(SolutionProperties) = preSolution
		HideSolutionNode = FALSE
	EndGlobalSection
	GlobalSection(ExtensibilityGlobals) = postSolution
		SolutionGuid = {F8B9EEE7-5CEF-4D44-8FB4-1AF45D430CB9}
	EndGlobalSection
EndGlobal
